// !$*UTF8*$!
{
	archiveVersion = 1;
	classes = {
	};
	objectVersion = 56;
	objects = {

/* Begin PBXBuildFile section */
		6A42B2792A007D0700B2A8F1 /* 2473.cpp in Sources */ = {isa = PBXBuildFile; fileRef = 6A42B2782A007D0700B2A8F1 /* 2473.cpp */; };
/* End PBXBuildFile section */

/* Begin PBXCopyFilesBuildPhase section */
		6A27039529EC4F830052AA02 /* CopyFiles */ = {
			isa = PBXCopyFilesBuildPhase;
			buildActionMask = 2147483647;
			dstPath = /usr/share/man/man1/;
			dstSubfolderSpec = 0;
			files = (
			);
			runOnlyForDeploymentPostprocessing = 1;
		};
/* End PBXCopyFilesBuildPhase section */

/* Begin PBXFileReference section */
		6A27039729EC4F830052AA02 /* Algorithm */ = {isa = PBXFileReference; explicitFileType = "compiled.mach-o.executable"; includeInIndex = 0; path = Algorithm; sourceTree = BUILT_PRODUCTS_DIR; };
		6A27039A29EC4F830052AA02 /* main.cpp */ = {isa = PBXFileReference; lastKnownFileType = sourcecode.cpp.cpp; path = main.cpp; sourceTree = "<group>"; };
		6A2703A229EC57B90052AA02 /* 2557.cpp */ = {isa = PBXFileReference; lastKnownFileType = sourcecode.cpp.cpp; path = 2557.cpp; sourceTree = "<group>"; };
		6A2703A429ECA5650052AA02 /* 1000.cpp */ = {isa = PBXFileReference; lastKnownFileType = sourcecode.cpp.cpp; path = 1000.cpp; sourceTree = "<group>"; };
		6A2703A629ECA5B30052AA02 /* 2558.cpp */ = {isa = PBXFileReference; lastKnownFileType = sourcecode.cpp.cpp; path = 2558.cpp; sourceTree = "<group>"; };
		6A2703A829ECA5E90052AA02 /* 10950.cpp */ = {isa = PBXFileReference; lastKnownFileType = sourcecode.cpp.cpp; path = 10950.cpp; sourceTree = "<group>"; };
		6A2703AA29ECA62E0052AA02 /* 10951.cpp */ = {isa = PBXFileReference; lastKnownFileType = sourcecode.cpp.cpp; path = 10951.cpp; sourceTree = "<group>"; };
		6A2703AC29ECA7980052AA02 /* 10952.cpp */ = {isa = PBXFileReference; lastKnownFileType = sourcecode.cpp.cpp; path = 10952.cpp; sourceTree = "<group>"; };
		6A2703AE29ECA8170052AA02 /* 10953.cpp */ = {isa = PBXFileReference; lastKnownFileType = sourcecode.cpp.cpp; path = 10953.cpp; sourceTree = "<group>"; };
		6A2703B029ECA9B10052AA02 /* 11021.cpp */ = {isa = PBXFileReference; lastKnownFileType = sourcecode.cpp.cpp; path = 11021.cpp; sourceTree = "<group>"; };
		6A2703B229ECAA250052AA02 /* 11022.cpp */ = {isa = PBXFileReference; lastKnownFileType = sourcecode.cpp.cpp; path = 11022.cpp; sourceTree = "<group>"; };
		6A2703B429ECB2200052AA02 /* 11718.cpp */ = {isa = PBXFileReference; lastKnownFileType = sourcecode.cpp.cpp; path = 11718.cpp; sourceTree = "<group>"; };
		6A2703B629ECB4580052AA02 /* 11719.cpp */ = {isa = PBXFileReference; lastKnownFileType = sourcecode.cpp.cpp; path = 11719.cpp; sourceTree = "<group>"; };
		6A2703BB29ECBCDD0052AA02 /* 11721.cpp */ = {isa = PBXFileReference; lastKnownFileType = sourcecode.cpp.cpp; path = 11721.cpp; sourceTree = "<group>"; };
		6A2703BD29ECBE930052AA02 /* 2741.cpp */ = {isa = PBXFileReference; lastKnownFileType = sourcecode.cpp.cpp; path = 2741.cpp; sourceTree = "<group>"; };
		6A2703BF29ECBF140052AA02 /* 2742.cpp */ = {isa = PBXFileReference; lastKnownFileType = sourcecode.cpp.cpp; path = 2742.cpp; sourceTree = "<group>"; };
		6A2703C129ECBF4C0052AA02 /* 2739.cpp */ = {isa = PBXFileReference; lastKnownFileType = sourcecode.cpp.cpp; path = 2739.cpp; sourceTree = "<group>"; };
		6A2703C329ECBF9C0052AA02 /* 1924.cpp */ = {isa = PBXFileReference; lastKnownFileType = sourcecode.cpp.cpp; path = 1924.cpp; sourceTree = "<group>"; };
		6A2703C529ECC2360052AA02 /* 8393.cpp */ = {isa = PBXFileReference; lastKnownFileType = sourcecode.cpp.cpp; path = 8393.cpp; sourceTree = "<group>"; };
		6A2703C729ECC28A0052AA02 /* 10818.cpp */ = {isa = PBXFileReference; lastKnownFileType = sourcecode.cpp.cpp; path = 10818.cpp; sourceTree = "<group>"; };
		6A2703C929ECC63F0052AA02 /* 2438.cpp */ = {isa = PBXFileReference; lastKnownFileType = sourcecode.cpp.cpp; path = 2438.cpp; sourceTree = "<group>"; };
		6A2703CB29ECC6C20052AA02 /* 2439.cpp */ = {isa = PBXFileReference; lastKnownFileType = sourcecode.cpp.cpp; path = 2439.cpp; sourceTree = "<group>"; };
		6A2703CD29ECC90A0052AA02 /* 2440.cpp */ = {isa = PBXFileReference; lastKnownFileType = sourcecode.cpp.cpp; path = 2440.cpp; sourceTree = "<group>"; };
		6A2703CF29ECC9F50052AA02 /* 2441.cpp */ = {isa = PBXFileReference; lastKnownFileType = sourcecode.cpp.cpp; path = 2441.cpp; sourceTree = "<group>"; };
		6A2703D129ECCBF60052AA02 /* 2442.cpp */ = {isa = PBXFileReference; lastKnownFileType = sourcecode.cpp.cpp; path = 2442.cpp; sourceTree = "<group>"; };
		6A2703D329ECEEE80052AA02 /* 2444.cpp */ = {isa = PBXFileReference; lastKnownFileType = sourcecode.cpp.cpp; path = 2444.cpp; sourceTree = "<group>"; };
		6A2703D529ECF3F60052AA02 /* 2445.cpp */ = {isa = PBXFileReference; lastKnownFileType = sourcecode.cpp.cpp; path = 2445.cpp; sourceTree = "<group>"; };
		6A2703D829ED43860052AA02 /* 2522.cpp */ = {isa = PBXFileReference; lastKnownFileType = sourcecode.cpp.cpp; path = 2522.cpp; sourceTree = "<group>"; };
		6A2703DA29ED45A60052AA02 /* 10991.cpp */ = {isa = PBXFileReference; lastKnownFileType = sourcecode.cpp.cpp; path = 10991.cpp; sourceTree = "<group>"; };
		6A2703DC29ED9A070052AA02 /* 10992.cpp */ = {isa = PBXFileReference; lastKnownFileType = sourcecode.cpp.cpp; path = 10992.cpp; sourceTree = "<group>"; };
		6A2703DE29EDA36A0052AA02 /* 10718.cpp */ = {isa = PBXFileReference; lastKnownFileType = sourcecode.cpp.cpp; path = 10718.cpp; sourceTree = "<group>"; };
		6A2703E029EDA3DA0052AA02 /* 1330.cpp */ = {isa = PBXFileReference; lastKnownFileType = sourcecode.cpp.cpp; path = 1330.cpp; sourceTree = "<group>"; };
		6A2703E229EDA4550052AA02 /* 9498.cpp */ = {isa = PBXFileReference; lastKnownFileType = sourcecode.cpp.cpp; path = 9498.cpp; sourceTree = "<group>"; };
		6A2703E429EDFDEE0052AA02 /* 2884.cpp */ = {isa = PBXFileReference; lastKnownFileType = sourcecode.cpp.cpp; path = 2884.cpp; sourceTree = "<group>"; };
		6A2703E629EDFE550052AA02 /* 14681.cpp */ = {isa = PBXFileReference; lastKnownFileType = sourcecode.cpp.cpp; path = 14681.cpp; sourceTree = "<group>"; };
		6A2703E829EDFF0C0052AA02 /* 1001.cpp */ = {isa = PBXFileReference; lastKnownFileType = sourcecode.cpp.cpp; path = 1001.cpp; sourceTree = "<group>"; };
		6A2703EA29EDFF510052AA02 /* 2562.cpp */ = {isa = PBXFileReference; lastKnownFileType = sourcecode.cpp.cpp; path = 2562.cpp; sourceTree = "<group>"; };
		6A2703EC29EE00690052AA02 /* 2577.cpp */ = {isa = PBXFileReference; lastKnownFileType = sourcecode.cpp.cpp; path = 2577.cpp; sourceTree = "<group>"; };
		6A2703EE29EE033D0052AA02 /* 3052.cpp */ = {isa = PBXFileReference; lastKnownFileType = sourcecode.cpp.cpp; path = 3052.cpp; sourceTree = "<group>"; };
		6A2703F029EE05510052AA02 /* 1546.cpp */ = {isa = PBXFileReference; lastKnownFileType = sourcecode.cpp.cpp; path = 1546.cpp; sourceTree = "<group>"; };
		6A2703F229EE0EAD0052AA02 /* 8958.cpp */ = {isa = PBXFileReference; lastKnownFileType = sourcecode.cpp.cpp; path = 8958.cpp; sourceTree = "<group>"; };
		6A2703F429EE10470052AA02 /* 4344.cpp */ = {isa = PBXFileReference; lastKnownFileType = sourcecode.cpp.cpp; path = 4344.cpp; sourceTree = "<group>"; };
		6A28469829F2F85200CE0887 /* 24444.cpp */ = {isa = PBXFileReference; lastKnownFileType = sourcecode.cpp.cpp; path = 24444.cpp; sourceTree = "<group>"; };
		6A28469F29F3EFDE00CE0887 /* 10757.cpp */ = {isa = PBXFileReference; lastKnownFileType = sourcecode.cpp.cpp; path = 10757.cpp; sourceTree = "<group>"; };
		6A2846A129F3F50E00CE0887 /* 2644.cpp */ = {isa = PBXFileReference; lastKnownFileType = sourcecode.cpp.cpp; path = 2644.cpp; sourceTree = "<group>"; };
		6A2846A429F4521E00CE0887 /* 2178.cpp */ = {isa = PBXFileReference; lastKnownFileType = sourcecode.cpp.cpp; path = 2178.cpp; sourceTree = "<group>"; };
		6A2846A729F5529D00CE0887 /* 24445.cpp */ = {isa = PBXFileReference; lastKnownFileType = sourcecode.cpp.cpp; path = 24445.cpp; sourceTree = "<group>"; };
		6A2846AC29F55C8400CE0887 /* 24446.cpp */ = {isa = PBXFileReference; lastKnownFileType = sourcecode.cpp.cpp; path = 24446.cpp; sourceTree = "<group>"; };
		6A2846AE29F569BB00CE0887 /* 24447.cpp */ = {isa = PBXFileReference; lastKnownFileType = sourcecode.cpp.cpp; path = 24447.cpp; sourceTree = "<group>"; };
		6A2846B029F5E93800CE0887 /* 4179.cpp */ = {isa = PBXFileReference; lastKnownFileType = sourcecode.cpp.cpp; path = 4179.cpp; sourceTree = "<group>"; };
		6A2FE3EE29EE9A7300426531 /* 4673.cpp */ = {isa = PBXFileReference; lastKnownFileType = sourcecode.cpp.cpp; path = 4673.cpp; sourceTree = "<group>"; };
		6A2FE3F029EE9E6700426531 /* 1065.cpp */ = {isa = PBXFileReference; lastKnownFileType = sourcecode.cpp.cpp; path = 1065.cpp; sourceTree = "<group>"; };
		6A2FE3F229EEF36D00426531 /* 11654.cpp */ = {isa = PBXFileReference; lastKnownFileType = sourcecode.cpp.cpp; path = 11654.cpp; sourceTree = "<group>"; };
		6A2FE3F429EEF40300426531 /* 11720.cpp */ = {isa = PBXFileReference; lastKnownFileType = sourcecode.cpp.cpp; path = 11720.cpp; sourceTree = "<group>"; };
		6A2FE3F629EEF44B00426531 /* 10809.cpp */ = {isa = PBXFileReference; lastKnownFileType = sourcecode.cpp.cpp; path = 10809.cpp; sourceTree = "<group>"; };
		6A2FE3F829EEFA7A00426531 /* 2675.cpp */ = {isa = PBXFileReference; lastKnownFileType = sourcecode.cpp.cpp; path = 2675.cpp; sourceTree = "<group>"; };
		6A2FE3FC29EF4C8B00426531 /* 1157.cpp */ = {isa = PBXFileReference; lastKnownFileType = sourcecode.cpp.cpp; path = 1157.cpp; sourceTree = "<group>"; };
		6A42B27229FF9A3000B2A8F1 /* 2003.cpp */ = {isa = PBXFileReference; lastKnownFileType = sourcecode.cpp.cpp; path = 2003.cpp; sourceTree = "<group>"; };
		6A42B2742A000B4B00B2A8F1 /* 1940.cpp */ = {isa = PBXFileReference; lastKnownFileType = sourcecode.cpp.cpp; path = 1940.cpp; sourceTree = "<group>"; };
		6A42B2762A0016C300B2A8F1 /* 2467.cpp */ = {isa = PBXFileReference; lastKnownFileType = sourcecode.cpp.cpp; path = 2467.cpp; sourceTree = "<group>"; };
		6A42B2782A007D0700B2A8F1 /* 2473.cpp */ = {isa = PBXFileReference; lastKnownFileType = sourcecode.cpp.cpp; path = 2473.cpp; sourceTree = "<group>"; };
/* End PBXFileReference section */

/* Begin PBXFrameworksBuildPhase section */
		6A27039429EC4F830052AA02 /* Frameworks */ = {
			isa = PBXFrameworksBuildPhase;
			buildActionMask = 2147483647;
			files = (
			);
			runOnlyForDeploymentPostprocessing = 0;
		};
/* End PBXFrameworksBuildPhase section */

/* Begin PBXGroup section */
		6A27038E29EC4F830052AA02 = {
			isa = PBXGroup;
			children = (
				6A27039929EC4F830052AA02 /* Algorithm */,
				6A27039829EC4F830052AA02 /* Products */,
			);
			sourceTree = "<group>";
		};
		6A27039829EC4F830052AA02 /* Products */ = {
			isa = PBXGroup;
			children = (
				6A27039729EC4F830052AA02 /* Algorithm */,
			);
			name = Products;
			sourceTree = "<group>";
		};
		6A27039929EC4F830052AA02 /* Algorithm */ = {
			isa = PBXGroup;
			children = (
				6A42B27129FF9A2600B2A8F1 /* BruteForce */,
				6A28469729F2F84B00CE0887 /* BFS */,
				6A2FE3FB29EF000D00426531 /* String */,
				6A2703A129EC57AC0052AA02 /* Basic */,
				6A27039A29EC4F830052AA02 /* main.cpp */,
			);
			path = Algorithm;
			sourceTree = "<group>";
		};
		6A2703A129EC57AC0052AA02 /* Basic */ = {
			isa = PBXGroup;
			children = (
				6A2703A229EC57B90052AA02 /* 2557.cpp */,
				6A2703A429ECA5650052AA02 /* 1000.cpp */,
				6A2703A629ECA5B30052AA02 /* 2558.cpp */,
				6A2703A829ECA5E90052AA02 /* 10950.cpp */,
				6A2703AA29ECA62E0052AA02 /* 10951.cpp */,
				6A2703AC29ECA7980052AA02 /* 10952.cpp */,
				6A2703AE29ECA8170052AA02 /* 10953.cpp */,
				6A2703B029ECA9B10052AA02 /* 11021.cpp */,
				6A2703B229ECAA250052AA02 /* 11022.cpp */,
				6A2703B429ECB2200052AA02 /* 11718.cpp */,
				6A2703B629ECB4580052AA02 /* 11719.cpp */,
				6A2703BB29ECBCDD0052AA02 /* 11721.cpp */,
				6A2703BD29ECBE930052AA02 /* 2741.cpp */,
				6A2703BF29ECBF140052AA02 /* 2742.cpp */,
				6A2703C129ECBF4C0052AA02 /* 2739.cpp */,
				6A2703C329ECBF9C0052AA02 /* 1924.cpp */,
				6A2703C529ECC2360052AA02 /* 8393.cpp */,
				6A2703C729ECC28A0052AA02 /* 10818.cpp */,
				6A2703C929ECC63F0052AA02 /* 2438.cpp */,
				6A2703CB29ECC6C20052AA02 /* 2439.cpp */,
				6A2703CD29ECC90A0052AA02 /* 2440.cpp */,
				6A2703CF29ECC9F50052AA02 /* 2441.cpp */,
				6A2703D129ECCBF60052AA02 /* 2442.cpp */,
				6A2703D329ECEEE80052AA02 /* 2444.cpp */,
				6A2703D529ECF3F60052AA02 /* 2445.cpp */,
				6A2703D829ED43860052AA02 /* 2522.cpp */,
				6A2703DA29ED45A60052AA02 /* 10991.cpp */,
				6A2703DC29ED9A070052AA02 /* 10992.cpp */,
				6A2703DE29EDA36A0052AA02 /* 10718.cpp */,
				6A2703E029EDA3DA0052AA02 /* 1330.cpp */,
				6A2703E229EDA4550052AA02 /* 9498.cpp */,
				6A2703E429EDFDEE0052AA02 /* 2884.cpp */,
				6A2703E629EDFE550052AA02 /* 14681.cpp */,
				6A2703E829EDFF0C0052AA02 /* 1001.cpp */,
				6A2703EA29EDFF510052AA02 /* 2562.cpp */,
				6A2703EC29EE00690052AA02 /* 2577.cpp */,
				6A2703EE29EE033D0052AA02 /* 3052.cpp */,
				6A2703F029EE05510052AA02 /* 1546.cpp */,
				6A2703F229EE0EAD0052AA02 /* 8958.cpp */,
				6A2703F429EE10470052AA02 /* 4344.cpp */,
				6A2FE3EE29EE9A7300426531 /* 4673.cpp */,
				6A2FE3F029EE9E6700426531 /* 1065.cpp */,
				6A28469F29F3EFDE00CE0887 /* 10757.cpp */,
			);
			path = Basic;
			sourceTree = "<group>";
		};
		6A28469729F2F84B00CE0887 /* BFS */ = {
			isa = PBXGroup;
			children = (
				6A2846A129F3F50E00CE0887 /* 2644.cpp */,
				6A2846A429F4521E00CE0887 /* 2178.cpp */,
				6A28469829F2F85200CE0887 /* 24444.cpp */,
				6A2846A729F5529D00CE0887 /* 24445.cpp */,
				6A2846AC29F55C8400CE0887 /* 24446.cpp */,
				6A2846AE29F569BB00CE0887 /* 24447.cpp */,
				6A2846B029F5E93800CE0887 /* 4179.cpp */,
			);
			path = BFS;
			sourceTree = "<group>";
		};
		6A2FE3FB29EF000D00426531 /* String */ = {
			isa = PBXGroup;
			children = (
				6A2FE3F829EEFA7A00426531 /* 2675.cpp */,
				6A2FE3F629EEF44B00426531 /* 10809.cpp */,
				6A2FE3F429EEF40300426531 /* 11720.cpp */,
				6A2FE3F229EEF36D00426531 /* 11654.cpp */,
				6A2FE3FC29EF4C8B00426531 /* 1157.cpp */,
			);
			path = String;
			sourceTree = "<group>";
		};
		6A42B27129FF9A2600B2A8F1 /* BruteForce */ = {
			isa = PBXGroup;
			children = (
				6A42B27229FF9A3000B2A8F1 /* 2003.cpp */,
				6A42B2742A000B4B00B2A8F1 /* 1940.cpp */,
				6A42B2762A0016C300B2A8F1 /* 2467.cpp */,
				6A42B2782A007D0700B2A8F1 /* 2473.cpp */,
			);
			path = BruteForce;
			sourceTree = "<group>";
		};
/* End PBXGroup section */

/* Begin PBXNativeTarget section */
		6A27039629EC4F830052AA02 /* Algorithm */ = {
			isa = PBXNativeTarget;
			buildConfigurationList = 6A27039E29EC4F830052AA02 /* Build configuration list for PBXNativeTarget "Algorithm" */;
			buildPhases = (
				6A27039329EC4F830052AA02 /* Sources */,
				6A27039429EC4F830052AA02 /* Frameworks */,
				6A27039529EC4F830052AA02 /* CopyFiles */,
			);
			buildRules = (
			);
			dependencies = (
			);
			name = Algorithm;
			productName = Algorithm;
			productReference = 6A27039729EC4F830052AA02 /* Algorithm */;
			productType = "com.apple.product-type.tool";
		};
/* End PBXNativeTarget section */

/* Begin PBXProject section */
		6A27038F29EC4F830052AA02 /* Project object */ = {
			isa = PBXProject;
			attributes = {
				BuildIndependentTargetsInParallel = 1;
				LastUpgradeCheck = 1430;
				TargetAttributes = {
					6A27039629EC4F830052AA02 = {
						CreatedOnToolsVersion = 14.3;
					};
				};
			};
			buildConfigurationList = 6A27039229EC4F830052AA02 /* Build configuration list for PBXProject "Algorithm" */;
			compatibilityVersion = "Xcode 14.0";
			developmentRegion = en;
			hasScannedForEncodings = 0;
			knownRegions = (
				en,
				Base,
			);
			mainGroup = 6A27038E29EC4F830052AA02;
			productRefGroup = 6A27039829EC4F830052AA02 /* Products */;
			projectDirPath = "";
			projectRoot = "";
			targets = (
				6A27039629EC4F830052AA02 /* Algorithm */,
			);
		};
/* End PBXProject section */

/* Begin PBXSourcesBuildPhase section */
		6A27039329EC4F830052AA02 /* Sources */ = {
			isa = PBXSourcesBuildPhase;
			buildActionMask = 2147483647;
			files = (
				6A42B2792A007D0700B2A8F1 /* 2473.cpp in Sources */,
			);
			runOnlyForDeploymentPostprocessing = 0;
		};
/* End PBXSourcesBuildPhase section */

/* Begin XCBuildConfiguration section */
		6A27039C29EC4F830052AA02 /* Debug */ = {
			isa = XCBuildConfiguration;
			buildSettings = {
				ALWAYS_SEARCH_USER_PATHS = NO;
				CLANG_ANALYZER_NONNULL = YES;
				CLANG_ANALYZER_NUMBER_OBJECT_CONVERSION = YES_AGGRESSIVE;
				CLANG_CXX_LANGUAGE_STANDARD = "gnu++20";
				CLANG_ENABLE_MODULES = YES;
				CLANG_ENABLE_OBJC_ARC = YES;
				CLANG_ENABLE_OBJC_WEAK = YES;
				CLANG_WARN_BLOCK_CAPTURE_AUTORELEASING = YES;
				CLANG_WARN_BOOL_CONVERSION = YES;
				CLANG_WARN_COMMA = YES;
				CLANG_WARN_CONSTANT_CONVERSION = YES;
				CLANG_WARN_DEPRECATED_OBJC_IMPLEMENTATIONS = YES;
				CLANG_WARN_DIRECT_OBJC_ISA_USAGE = YES_ERROR;
				CLANG_WARN_DOCUMENTATION_COMMENTS = YES;
				CLANG_WARN_EMPTY_BODY = YES;
				CLANG_WARN_ENUM_CONVERSION = YES;
				CLANG_WARN_INFINITE_RECURSION = YES;
				CLANG_WARN_INT_CONVERSION = YES;
				CLANG_WARN_NON_LITERAL_NULL_CONVERSION = YES;
				CLANG_WARN_OBJC_IMPLICIT_RETAIN_SELF = YES;
				CLANG_WARN_OBJC_LITERAL_CONVERSION = YES;
				CLANG_WARN_OBJC_ROOT_CLASS = YES_ERROR;
				CLANG_WARN_QUOTED_INCLUDE_IN_FRAMEWORK_HEADER = YES;
				CLANG_WARN_RANGE_LOOP_ANALYSIS = YES;
				CLANG_WARN_STRICT_PROTOTYPES = YES;
				CLANG_WARN_SUSPICIOUS_MOVE = YES;
				CLANG_WARN_UNGUARDED_AVAILABILITY = YES_AGGRESSIVE;
				CLANG_WARN_UNREACHABLE_CODE = YES;
				CLANG_WARN__DUPLICATE_METHOD_MATCH = YES;
				COPY_PHASE_STRIP = NO;
				DEBUG_INFORMATION_FORMAT = dwarf;
				ENABLE_STRICT_OBJC_MSGSEND = YES;
				ENABLE_TESTABILITY = YES;
				GCC_C_LANGUAGE_STANDARD = gnu11;
				GCC_DYNAMIC_NO_PIC = NO;
				GCC_NO_COMMON_BLOCKS = YES;
				GCC_OPTIMIZATION_LEVEL = 0;
				GCC_PREPROCESSOR_DEFINITIONS = (
					"DEBUG=1",
					"$(inherited)",
				);
				GCC_WARN_64_TO_32_BIT_CONVERSION = YES;
				GCC_WARN_ABOUT_RETURN_TYPE = YES_ERROR;
				GCC_WARN_UNDECLARED_SELECTOR = YES;
				GCC_WARN_UNINITIALIZED_AUTOS = YES_AGGRESSIVE;
				GCC_WARN_UNUSED_FUNCTION = YES;
				GCC_WARN_UNUSED_VARIABLE = YES;
				MACOSX_DEPLOYMENT_TARGET = 13.2;
				MTL_ENABLE_DEBUG_INFO = INCLUDE_SOURCE;
				MTL_FAST_MATH = YES;
				ONLY_ACTIVE_ARCH = YES;
				SDKROOT = macosx;
			};
			name = Debug;
		};
		6A27039D29EC4F830052AA02 /* Release */ = {
			isa = XCBuildConfiguration;
			buildSettings = {
				ALWAYS_SEARCH_USER_PATHS = NO;
				CLANG_ANALYZER_NONNULL = YES;
				CLANG_ANALYZER_NUMBER_OBJECT_CONVERSION = YES_AGGRESSIVE;
				CLANG_CXX_LANGUAGE_STANDARD = "gnu++20";
				CLANG_ENABLE_MODULES = YES;
				CLANG_ENABLE_OBJC_ARC = YES;
				CLANG_ENABLE_OBJC_WEAK = YES;
				CLANG_WARN_BLOCK_CAPTURE_AUTORELEASING = YES;
				CLANG_WARN_BOOL_CONVERSION = YES;
				CLANG_WARN_COMMA = YES;
				CLANG_WARN_CONSTANT_CONVERSION = YES;
				CLANG_WARN_DEPRECATED_OBJC_IMPLEMENTATIONS = YES;
				CLANG_WARN_DIRECT_OBJC_ISA_USAGE = YES_ERROR;
				CLANG_WARN_DOCUMENTATION_COMMENTS = YES;
				CLANG_WARN_EMPTY_BODY = YES;
				CLANG_WARN_ENUM_CONVERSION = YES;
				CLANG_WARN_INFINITE_RECURSION = YES;
				CLANG_WARN_INT_CONVERSION = YES;
				CLANG_WARN_NON_LITERAL_NULL_CONVERSION = YES;
				CLANG_WARN_OBJC_IMPLICIT_RETAIN_SELF = YES;
				CLANG_WARN_OBJC_LITERAL_CONVERSION = YES;
				CLANG_WARN_OBJC_ROOT_CLASS = YES_ERROR;
				CLANG_WARN_QUOTED_INCLUDE_IN_FRAMEWORK_HEADER = YES;
				CLANG_WARN_RANGE_LOOP_ANALYSIS = YES;
				CLANG_WARN_STRICT_PROTOTYPES = YES;
				CLANG_WARN_SUSPICIOUS_MOVE = YES;
				CLANG_WARN_UNGUARDED_AVAILABILITY = YES_AGGRESSIVE;
				CLANG_WARN_UNREACHABLE_CODE = YES;
				CLANG_WARN__DUPLICATE_METHOD_MATCH = YES;
				COPY_PHASE_STRIP = NO;
				DEBUG_INFORMATION_FORMAT = "dwarf-with-dsym";
				ENABLE_NS_ASSERTIONS = NO;
				ENABLE_STRICT_OBJC_MSGSEND = YES;
				GCC_C_LANGUAGE_STANDARD = gnu11;
				GCC_NO_COMMON_BLOCKS = YES;
				GCC_WARN_64_TO_32_BIT_CONVERSION = YES;
				GCC_WARN_ABOUT_RETURN_TYPE = YES_ERROR;
				GCC_WARN_UNDECLARED_SELECTOR = YES;
				GCC_WARN_UNINITIALIZED_AUTOS = YES_AGGRESSIVE;
				GCC_WARN_UNUSED_FUNCTION = YES;
				GCC_WARN_UNUSED_VARIABLE = YES;
				MACOSX_DEPLOYMENT_TARGET = 13.2;
				MTL_ENABLE_DEBUG_INFO = NO;
				MTL_FAST_MATH = YES;
				SDKROOT = macosx;
			};
			name = Release;
		};
		6A27039F29EC4F830052AA02 /* Debug */ = {
			isa = XCBuildConfiguration;
			buildSettings = {
				CODE_SIGN_STYLE = Automatic;
				DEVELOPMENT_TEAM = P9G6PC5FMA;
				ENABLE_HARDENED_RUNTIME = YES;
				PRODUCT_NAME = "$(TARGET_NAME)";
			};
			name = Debug;
		};
		6A2703A029EC4F830052AA02 /* Release */ = {
			isa = XCBuildConfiguration;
			buildSettings = {
				CODE_SIGN_STYLE = Automatic;
				DEVELOPMENT_TEAM = P9G6PC5FMA;
				ENABLE_HARDENED_RUNTIME = YES;
				PRODUCT_NAME = "$(TARGET_NAME)";
			};
			name = Release;
		};
/* End XCBuildConfiguration section */

/* Begin XCConfigurationList section */
		6A27039229EC4F830052AA02 /* Build configuration list for PBXProject "Algorithm" */ = {
			isa = XCConfigurationList;
			buildConfigurations = (
				6A27039C29EC4F830052AA02 /* Debug */,
				6A27039D29EC4F830052AA02 /* Release */,
			);
			defaultConfigurationIsVisible = 0;
			defaultConfigurationName = Release;
		};
		6A27039E29EC4F830052AA02 /* Build configuration list for PBXNativeTarget "Algorithm" */ = {
			isa = XCConfigurationList;
			buildConfigurations = (
				6A27039F29EC4F830052AA02 /* Debug */,
				6A2703A029EC4F830052AA02 /* Release */,
			);
			defaultConfigurationIsVisible = 0;
			defaultConfigurationName = Release;
		};
/* End XCConfigurationList section */
	};
	rootObject = 6A27038F29EC4F830052AA02 /* Project object */;
}
